
Microsoft Visual Studio Solution File, Format Version 12.00
# Visual Studio Version 16
VisualStudioVersion = 16.0.28729.10
MinimumVisualStudioVersion = 10.0.40219.1
Project("{FAE04EC0-301F-11D3-BF4B-00C04F79EFBC}") = "FrontDeskApp", "FrontDeskApp.csproj", "{8A57CAE5-AEC6-4641-BBF8-AD72B63F3473}"
EndProject
Global
	GlobalSection(SolutionConfigurationPlatforms) = preSolution
		Debug|Any CPU = Debug|Any CPU
		Release|Any CPU = Release|Any CPU
	EndGlobalSection
	GlobalSection(ProjectConfigurationPlatforms) = postSolution
		{8A57CAE5-AEC6-4641-BBF8-AD72B63F3473}.Debug|Any CPU.ActiveCfg = Debug|Any CPU
		{8A57CAE5-AEC6-4641-BBF8-AD72B63F3473}.Debug|Any CPU.Build.0 = Debug|Any CPU
		{8A57CAE5-AEC6-4641-BBF8-AD72B63F3473}.Release|Any CPU.ActiveCfg = Release|Any CPU
		{8A57CAE5-AEC6-4641-BBF8-AD72B63F3473}.Release|Any CPU.Build.0 = Release|Any CPU
	EndGlobalSection
	GlobalSection(SolutionProperties) = preSolution
		HideSolutionNode = FALSE
	EndGlobalSection
	GlobalSection(ExtensibilityGlobals) = postSolution
		SolutionGuid = {145130F6-B97C-41C0-881F-507F51FA3556}
	EndGlobalSection
EndGlobal
